
Microsoft Visual Studio Solution File, Format Version 12.00
# Visual Studio 15
VisualStudioVersion = 15.0.27130.2036
MinimumVisualStudioVersion = 10.0.40219.1
Project("{9A19103F-16F7-4668-BE54-9A1E7A4F7556}") = "PlataAlfa", "PlataAlfa\PlataAlfa.csproj", "{52B23963-DAB8-4EEA-B2D4-638583975CC4}"
EndProject
Project("{00D1A9C2-B5F0-4AF3-8072-F6C62B433612}") = "DB", "DB\DB.sqlproj", "{2A263467-47B2-430A-9DFF-C31BB95293FE}"
EndProject
Global
	GlobalSection(SolutionConfigurationPlatforms) = preSolution
		Debug|Any CPU = Debug|Any CPU
		Release|Any CPU = Release|Any CPU
	EndGlobalSection
	GlobalSection(ProjectConfigurationPlatforms) = postSolution
		{52B23963-DAB8-4EEA-B2D4-638583975CC4}.Debug|Any CPU.ActiveCfg = Debug|Any CPU
		{52B23963-DAB8-4EEA-B2D4-638583975CC4}.Debug|Any CPU.Build.0 = Debug|Any CPU
		{52B23963-DAB8-4EEA-B2D4-638583975CC4}.Release|Any CPU.ActiveCfg = Release|Any CPU
		{52B23963-DAB8-4EEA-B2D4-638583975CC4}.Release|Any CPU.Build.0 = Release|Any CPU
		{2A263467-47B2-430A-9DFF-C31BB95293FE}.Debug|Any CPU.ActiveCfg = Debug|Any CPU
		{2A263467-47B2-430A-9DFF-C31BB95293FE}.Debug|Any CPU.Build.0 = Debug|Any CPU
		{2A263467-47B2-430A-9DFF-C31BB95293FE}.Debug|Any CPU.Deploy.0 = Debug|Any CPU
		{2A263467-47B2-430A-9DFF-C31BB95293FE}.Release|Any CPU.ActiveCfg = Release|Any CPU
		{2A263467-47B2-430A-9DFF-C31BB95293FE}.Release|Any CPU.Build.0 = Release|Any CPU
		{2A263467-47B2-430A-9DFF-C31BB95293FE}.Release|Any CPU.Deploy.0 = Release|Any CPU
	EndGlobalSection
	GlobalSection(SolutionProperties) = preSolution
		HideSolutionNode = FALSE
	EndGlobalSection
	GlobalSection(ExtensibilityGlobals) = postSolution
		SolutionGuid = {51CF9281-F822-4D02-8D88-D2FD7A88ED70}
	EndGlobalSection
EndGlobal
